// !$*UTF8*$!
{
	archiveVersion = 1;
	classes = {
	};
	objectVersion = 50;
	objects = {

/* Begin PBXBuildFile section */
		842C7DF022D7F90E00A75CBD /* AppDelegate.swift in Sources */ = {isa = PBXBuildFile; fileRef = 842C7DEF22D7F90E00A75CBD /* AppDelegate.swift */; };
		842C7DF222D7F90E00A75CBD /* ViewController.swift in Sources */ = {isa = PBXBuildFile; fileRef = 842C7DF122D7F90E00A75CBD /* ViewController.swift */; };
		842C7DF522D7F90E00A75CBD /* Main.storyboard in Resources */ = {isa = PBXBuildFile; fileRef = 842C7DF322D7F90E00A75CBD /* Main.storyboard */; };
		842C7DF722D7F90F00A75CBD /* Assets.xcassets in Resources */ = {isa = PBXBuildFile; fileRef = 842C7DF622D7F90F00A75CBD /* Assets.xcassets */; };
		842C7DFA22D7F90F00A75CBD /* LaunchScreen.storyboard in Resources */ = {isa = PBXBuildFile; fileRef = 842C7DF822D7F90F00A75CBD /* LaunchScreen.storyboard */; };
		842C7E0322D7FA7800A75CBD /* UserInfo.plist in Resources */ = {isa = PBXBuildFile; fileRef = 842C7E0222D7FA7800A75CBD /* UserInfo.plist */; };
		842C7E0522D7FCED00A75CBD /* BillType.swift in Sources */ = {isa = PBXBuildFile; fileRef = 842C7E0422D7FCED00A75CBD /* BillType.swift */; };
		842C7E0722D7FCF300A75CBD /* IDisplay.swift in Sources */ = {isa = PBXBuildFile; fileRef = 842C7E0622D7FCF300A75CBD /* IDisplay.swift */; };
		842C7E0922D7FCF800A75CBD /* extension_float.swift in Sources */ = {isa = PBXBuildFile; fileRef = 842C7E0822D7FCF800A75CBD /* extension_float.swift */; };
		842C7E0B22D7FCFD00A75CBD /* extension_date.swift in Sources */ = {isa = PBXBuildFile; fileRef = 842C7E0A22D7FCFD00A75CBD /* extension_date.swift */; };
		842C7E0D22D7FD0100A75CBD /* extension_string.swift in Sources */ = {isa = PBXBuildFile; fileRef = 842C7E0C22D7FD0100A75CBD /* extension_string.swift */; };
		842C7E0F22D7FD0500A75CBD /* countryType.swift in Sources */ = {isa = PBXBuildFile; fileRef = 842C7E0E22D7FD0500A75CBD /* countryType.swift */; };
		842C7E1322D7FD3100A75CBD /* CustomerError.swift in Sources */ = {isa = PBXBuildFile; fileRef = 842C7E1222D7FD3100A75CBD /* CustomerError.swift */; };
		842C7E1622D7FD5B00A75CBD /* Bill.swift in Sources */ = {isa = PBXBuildFile; fileRef = 842C7E1522D7FD5B00A75CBD /* Bill.swift */; };
		842C7E1822D7FD6000A75CBD /* Mobile.swift in Sources */ = {isa = PBXBuildFile; fileRef = 842C7E1722D7FD6000A75CBD /* Mobile.swift */; };
		842C7E1C22D7FD8400A75CBD /* Internet.swift in Sources */ = {isa = PBXBuildFile; fileRef = 842C7E1B22D7FD8400A75CBD /* Internet.swift */; };
		842C7E1E22D7FD8900A75CBD /* Hydro.swift in Sources */ = {isa = PBXBuildFile; fileRef = 842C7E1D22D7FD8900A75CBD /* Hydro.swift */; };
		842C7E2022D7FD8E00A75CBD /* Customer.swift in Sources */ = {isa = PBXBuildFile; fileRef = 842C7E1F22D7FD8E00A75CBD /* Customer.swift */; };
		842C7E2222D7FE4200A75CBD /* MyDataStore.swift in Sources */ = {isa = PBXBuildFile; fileRef = 842C7E2122D7FE4200A75CBD /* MyDataStore.swift */; };
/* End PBXBuildFile section */

/* Begin PBXFileReference section */
		842C7DEC22D7F90E00A75CBD /* C0751142_MidTerm_MAD3115S2019.app */ = {isa = PBXFileReference; explicitFileType = wrapper.application; includeInIndex = 0; path = C0751142_MidTerm_MAD3115S2019.app; sourceTree = BUILT_PRODUCTS_DIR; };
		842C7DEF22D7F90E00A75CBD /* AppDelegate.swift */ = {isa = PBXFileReference; lastKnownFileType = sourcecode.swift; path = AppDelegate.swift; sourceTree = "<group>"; };
		842C7DF122D7F90E00A75CBD /* ViewController.swift */ = {isa = PBXFileReference; lastKnownFileType = sourcecode.swift; path = ViewController.swift; sourceTree = "<group>"; };
		842C7DF422D7F90E00A75CBD /* Base */ = {isa = PBXFileReference; lastKnownFileType = file.storyboard; name = Base; path = Base.lproj/Main.storyboard; sourceTree = "<group>"; };
		842C7DF622D7F90F00A75CBD /* Assets.xcassets */ = {isa = PBXFileReference; lastKnownFileType = folder.assetcatalog; path = Assets.xcassets; sourceTree = "<group>"; };
		842C7DF922D7F90F00A75CBD /* Base */ = {isa = PBXFileReference; lastKnownFileType = file.storyboard; name = Base; path = Base.lproj/LaunchScreen.storyboard; sourceTree = "<group>"; };
		842C7DFB22D7F90F00A75CBD /* Info.plist */ = {isa = PBXFileReference; lastKnownFileType = text.plist.xml; path = Info.plist; sourceTree = "<group>"; };
		842C7E0222D7FA7800A75CBD /* UserInfo.plist */ = {isa = PBXFileReference; lastKnownFileType = text.plist.xml; path = UserInfo.plist; sourceTree = "<group>"; };
		842C7E0422D7FCED00A75CBD /* BillType.swift */ = {isa = PBXFileReference; fileEncoding = 4; lastKnownFileType = sourcecode.swift; path = BillType.swift; sourceTree = "<group>"; };
		842C7E0622D7FCF300A75CBD /* IDisplay.swift */ = {isa = PBXFileReference; fileEncoding = 4; lastKnownFileType = sourcecode.swift; path = IDisplay.swift; sourceTree = "<group>"; };
		842C7E0822D7FCF800A75CBD /* extension_float.swift */ = {isa = PBXFileReference; fileEncoding = 4; lastKnownFileType = sourcecode.swift; path = extension_float.swift; sourceTree = "<group>"; };
		842C7E0A22D7FCFD00A75CBD /* extension_date.swift */ = {isa = PBXFileReference; fileEncoding = 4; lastKnownFileType = sourcecode.swift; path = extension_date.swift; sourceTree = "<group>"; };
		842C7E0C22D7FD0100A75CBD /* extension_string.swift */ = {isa = PBXFileReference; fileEncoding = 4; lastKnownFileType = sourcecode.swift; path = extension_string.swift; sourceTree = "<group>"; };
		842C7E0E22D7FD0500A75CBD /* countryType.swift */ = {isa = PBXFileReference; fileEncoding = 4; lastKnownFileType = sourcecode.swift; path = countryType.swift; sourceTree = "<group>"; };
		842C7E1222D7FD3100A75CBD /* CustomerError.swift */ = {isa = PBXFileReference; fileEncoding = 4; lastKnownFileType = sourcecode.swift; path = CustomerError.swift; sourceTree = "<group>"; };
		842C7E1522D7FD5B00A75CBD /* Bill.swift */ = {isa = PBXFileReference; fileEncoding = 4; lastKnownFileType = sourcecode.swift; path = Bill.swift; sourceTree = "<group>"; };
		842C7E1722D7FD6000A75CBD /* Mobile.swift */ = {isa = PBXFileReference; fileEncoding = 4; lastKnownFileType = sourcecode.swift; path = Mobile.swift; sourceTree = "<group>"; };
		842C7E1B22D7FD8400A75CBD /* Internet.swift */ = {isa = PBXFileReference; fileEncoding = 4; lastKnownFileType = sourcecode.swift; path = Internet.swift; sourceTree = "<group>"; };
		842C7E1D22D7FD8900A75CBD /* Hydro.swift */ = {isa = PBXFileReference; fileEncoding = 4; lastKnownFileType = sourcecode.swift; path = Hydro.swift; sourceTree = "<group>"; };
		842C7E1F22D7FD8E00A75CBD /* Customer.swift */ = {isa = PBXFileReference; fileEncoding = 4; lastKnownFileType = sourcecode.swift; path = Customer.swift; sourceTree = "<group>"; };
		842C7E2122D7FE4200A75CBD /* MyDataStore.swift */ = {isa = PBXFileReference; lastKnownFileType = sourcecode.swift; path = MyDataStore.swift; sourceTree = "<group>"; };
/* End PBXFileReference section */

/* Begin PBXFrameworksBuildPhase section */
		842C7DE922D7F90E00A75CBD /* Frameworks */ = {
			isa = PBXFrameworksBuildPhase;
			buildActionMask = 2147483647;
			files = (
			);
			runOnlyForDeploymentPostprocessing = 0;
		};
/* End PBXFrameworksBuildPhase section */

/* Begin PBXGroup section */
		842C7DE322D7F90E00A75CBD = {
			isa = PBXGroup;
			children = (
				842C7DEE22D7F90E00A75CBD /* C0751142_MidTerm_MAD3115S2019 */,
				842C7DED22D7F90E00A75CBD /* Products */,
			);
			sourceTree = "<group>";
		};
		842C7DED22D7F90E00A75CBD /* Products */ = {
			isa = PBXGroup;
			children = (
				842C7DEC22D7F90E00A75CBD /* C0751142_MidTerm_MAD3115S2019.app */,
			);
			name = Products;
			sourceTree = "<group>";
		};
		842C7DEE22D7F90E00A75CBD /* C0751142_MidTerm_MAD3115S2019 */ = {
			isa = PBXGroup;
			children = (
				842C7E1422D7FD4D00A75CBD /* MyClasses */,
				842C7E1122D7FD2100A75CBD /* Error */,
				842C7E0122D7FA3A00A75CBD /* Utilities */,
				842C7DEF22D7F90E00A75CBD /* AppDelegate.swift */,
				842C7DF122D7F90E00A75CBD /* ViewController.swift */,
				842C7DF322D7F90E00A75CBD /* Main.storyboard */,
				842C7DF622D7F90F00A75CBD /* Assets.xcassets */,
				842C7DF822D7F90F00A75CBD /* LaunchScreen.storyboard */,
				842C7DFB22D7F90F00A75CBD /* Info.plist */,
				842C7E0222D7FA7800A75CBD /* UserInfo.plist */,
				842C7E2122D7FE4200A75CBD /* MyDataStore.swift */,
			);
			path = C0751142_MidTerm_MAD3115S2019;
			sourceTree = "<group>";
		};
		842C7E0122D7FA3A00A75CBD /* Utilities */ = {
			isa = PBXGroup;
			children = (
				842C7E0E22D7FD0500A75CBD /* countryType.swift */,
				842C7E0C22D7FD0100A75CBD /* extension_string.swift */,
				842C7E0A22D7FCFD00A75CBD /* extension_date.swift */,
				842C7E0822D7FCF800A75CBD /* extension_float.swift */,
				842C7E0622D7FCF300A75CBD /* IDisplay.swift */,
				842C7E0422D7FCED00A75CBD /* BillType.swift */,
			);
			path = Utilities;
			sourceTree = "<group>";
		};
		842C7E1122D7FD2100A75CBD /* Error */ = {
			isa = PBXGroup;
			children = (
				842C7E1222D7FD3100A75CBD /* CustomerError.swift */,
			);
			path = Error;
			sourceTree = "<group>";
		};
		842C7E1422D7FD4D00A75CBD /* MyClasses */ = {
			isa = PBXGroup;
			children = (
				842C7E1522D7FD5B00A75CBD /* Bill.swift */,
				842C7E1722D7FD6000A75CBD /* Mobile.swift */,
				842C7E1B22D7FD8400A75CBD /* Internet.swift */,
				842C7E1D22D7FD8900A75CBD /* Hydro.swift */,
				842C7E1F22D7FD8E00A75CBD /* Customer.swift */,
			);
			path = MyClasses;
			sourceTree = "<group>";
		};
/* End PBXGroup section */

/* Begin PBXNativeTarget section */
		842C7DEB22D7F90E00A75CBD /* C0751142_MidTerm_MAD3115S2019 */ = {
			isa = PBXNativeTarget;
			buildConfigurationList = 842C7DFE22D7F90F00A75CBD /* Build configuration list for PBXNativeTarget "C0751142_MidTerm_MAD3115S2019" */;
			buildPhases = (
				842C7DE822D7F90E00A75CBD /* Sources */,
				842C7DE922D7F90E00A75CBD /* Frameworks */,
				842C7DEA22D7F90E00A75CBD /* Resources */,
			);
			buildRules = (
			);
			dependencies = (
			);
			name = C0751142_MidTerm_MAD3115S2019;
			productName = C0751142_MidTerm_MAD3115S2019;
			productReference = 842C7DEC22D7F90E00A75CBD /* C0751142_MidTerm_MAD3115S2019.app */;
			productType = "com.apple.product-type.application";
		};
/* End PBXNativeTarget section */

/* Begin PBXProject section */
		842C7DE422D7F90E00A75CBD /* Project object */ = {
			isa = PBXProject;
			attributes = {
				LastSwiftUpdateCheck = 1020;
				LastUpgradeCheck = 1020;
				ORGANIZATIONNAME = Tarlochan5268;
				TargetAttributes = {
					842C7DEB22D7F90E00A75CBD = {
						CreatedOnToolsVersion = 10.2.1;
					};
				};
			};
			buildConfigurationList = 842C7DE722D7F90E00A75CBD /* Build configuration list for PBXProject "C0751142_MidTerm_MAD3115S2019" */;
			compatibilityVersion = "Xcode 9.3";
			developmentRegion = en;
			hasScannedForEncodings = 0;
			knownRegions = (
				en,
				Base,
			);
			mainGroup = 842C7DE322D7F90E00A75CBD;
			productRefGroup = 842C7DED22D7F90E00A75CBD /* Products */;
			projectDirPath = "";
			projectRoot = "";
			targets = (
				842C7DEB22D7F90E00A75CBD /* C0751142_MidTerm_MAD3115S2019 */,
			);
		};
/* End PBXProject section */

/* Begin PBXResourcesBuildPhase section */
		842C7DEA22D7F90E00A75CBD /* Resources */ = {
			isa = PBXResourcesBuildPhase;
			buildActionMask = 2147483647;
			files = (
				842C7DFA22D7F90F00A75CBD /* LaunchScreen.storyboard in Resources */,
				842C7DF722D7F90F00A75CBD /* Assets.xcassets in Resources */,
				842C7DF522D7F90E00A75CBD /* Main.storyboard in Resources */,
				842C7E0322D7FA7800A75CBD /* UserInfo.plist in Resources */,
			);
			runOnlyForDeploymentPostprocessing = 0;
		};
/* End PBXResourcesBuildPhase section */

/* Begin PBXSourcesBuildPhase section */
		842C7DE822D7F90E00A75CBD /* Sources */ = {
			isa = PBXSourcesBuildPhase;
			buildActionMask = 2147483647;
			files = (
				842C7E2222D7FE4200A75CBD /* MyDataStore.swift in Sources */,
				842C7E1322D7FD3100A75CBD /* CustomerError.swift in Sources */,
				842C7E2022D7FD8E00A75CBD /* Customer.swift in Sources */,
				842C7E0722D7FCF300A75CBD /* IDisplay.swift in Sources */,
				842C7E1E22D7FD8900A75CBD /* Hydro.swift in Sources */,
				842C7E0B22D7FCFD00A75CBD /* extension_date.swift in Sources */,
				842C7E0F22D7FD0500A75CBD /* countryType.swift in Sources */,
				842C7E0922D7FCF800A75CBD /* extension_float.swift in Sources */,
				842C7E0D22D7FD0100A75CBD /* extension_string.swift in Sources */,
				842C7E1C22D7FD8400A75CBD /* Internet.swift in Sources */,
				842C7E1822D7FD6000A75CBD /* Mobile.swift in Sources */,
				842C7E1622D7FD5B00A75CBD /* Bill.swift in Sources */,
				842C7E0522D7FCED00A75CBD /* BillType.swift in Sources */,
				842C7DF222D7F90E00A75CBD /* ViewController.swift in Sources */,
				842C7DF022D7F90E00A75CBD /* AppDelegate.swift in Sources */,
			);
			runOnlyForDeploymentPostprocessing = 0;
		};
/* End PBXSourcesBuildPhase section */

/* Begin PBXVariantGroup section */
		842C7DF322D7F90E00A75CBD /* Main.storyboard */ = {
			isa = PBXVariantGroup;
			children = (
				842C7DF422D7F90E00A75CBD /* Base */,
			);
			name = Main.storyboard;
			sourceTree = "<group>";
		};
		842C7DF822D7F90F00A75CBD /* LaunchScreen.storyboard */ = {
			isa = PBXVariantGroup;
			children = (
				842C7DF922D7F90F00A75CBD /* Base */,
			);
			name = LaunchScreen.storyboard;
			sourceTree = "<group>";
		};
/* End PBXVariantGroup section */

/* Begin XCBuildConfiguration section */
		842C7DFC22D7F90F00A75CBD /* Debug */ = {
			isa = XCBuildConfiguration;
			buildSettings = {
				ALWAYS_SEARCH_USER_PATHS = NO;
				CLANG_ANALYZER_NONNULL = YES;
				CLANG_ANALYZER_NUMBER_OBJECT_CONVERSION = YES_AGGRESSIVE;
				CLANG_CXX_LANGUAGE_STANDARD = "gnu++14";
				CLANG_CXX_LIBRARY = "libc++";
				CLANG_ENABLE_MODULES = YES;
				CLANG_ENABLE_OBJC_ARC = YES;
				CLANG_ENABLE_OBJC_WEAK = YES;
				CLANG_WARN_BLOCK_CAPTURE_AUTORELEASING = YES;
				CLANG_WARN_BOOL_CONVERSION = YES;
				CLANG_WARN_COMMA = YES;
				CLANG_WARN_CONSTANT_CONVERSION = YES;
				CLANG_WARN_DEPRECATED_OBJC_IMPLEMENTATIONS = YES;
				CLANG_WARN_DIRECT_OBJC_ISA_USAGE = YES_ERROR;
				CLANG_WARN_DOCUMENTATION_COMMENTS = YES;
				CLANG_WARN_EMPTY_BODY = YES;
				CLANG_WARN_ENUM_CONVERSION = YES;
				CLANG_WARN_INFINITE_RECURSION = YES;
				CLANG_WARN_INT_CONVERSION = YES;
				CLANG_WARN_NON_LITERAL_NULL_CONVERSION = YES;
				CLANG_WARN_OBJC_IMPLICIT_RETAIN_SELF = YES;
				CLANG_WARN_OBJC_LITERAL_CONVERSION = YES;
				CLANG_WARN_OBJC_ROOT_CLASS = YES_ERROR;
				CLANG_WARN_RANGE_LOOP_ANALYSIS = YES;
				CLANG_WARN_STRICT_PROTOTYPES = YES;
				CLANG_WARN_SUSPICIOUS_MOVE = YES;
				CLANG_WARN_UNGUARDED_AVAILABILITY = YES_AGGRESSIVE;
				CLANG_WARN_UNREACHABLE_CODE = YES;
				CLANG_WARN__DUPLICATE_METHOD_MATCH = YES;
				CODE_SIGN_IDENTITY = "iPhone Developer";
				COPY_PHASE_STRIP = NO;
				DEBUG_INFORMATION_FORMAT = dwarf;
				ENABLE_STRICT_OBJC_MSGSEND = YES;
				ENABLE_TESTABILITY = YES;
				GCC_C_LANGUAGE_STANDARD = gnu11;
				GCC_DYNAMIC_NO_PIC = NO;
				GCC_NO_COMMON_BLOCKS = YES;
				GCC_OPTIMIZATION_LEVEL = 0;
				GCC_PREPROCESSOR_DEFINITIONS = (
					"DEBUG=1",
					"$(inherited)",
				);
				GCC_WARN_64_TO_32_BIT_CONVERSION = YES;
				GCC_WARN_ABOUT_RETURN_TYPE = YES_ERROR;
				GCC_WARN_UNDECLARED_SELECTOR = YES;
				GCC_WARN_UNINITIALIZED_AUTOS = YES_AGGRESSIVE;
				GCC_WARN_UNUSED_FUNCTION = YES;
				GCC_WARN_UNUSED_VARIABLE = YES;
				IPHONEOS_DEPLOYMENT_TARGET = 12.2;
				MTL_ENABLE_DEBUG_INFO = INCLUDE_SOURCE;
				MTL_FAST_MATH = YES;
				ONLY_ACTIVE_ARCH = YES;
				SDKROOT = iphoneos;
				SWIFT_ACTIVE_COMPILATION_CONDITIONS = DEBUG;
				SWIFT_OPTIMIZATION_LEVEL = "-Onone";
			};
			name = Debug;
		};
		842C7DFD22D7F90F00A75CBD /* Release */ = {
			isa = XCBuildConfiguration;
			buildSettings = {
				ALWAYS_SEARCH_USER_PATHS = NO;
				CLANG_ANALYZER_NONNULL = YES;
				CLANG_ANALYZER_NUMBER_OBJECT_CONVERSION = YES_AGGRESSIVE;
				CLANG_CXX_LANGUAGE_STANDARD = "gnu++14";
				CLANG_CXX_LIBRARY = "libc++";
				CLANG_ENABLE_MODULES = YES;
				CLANG_ENABLE_OBJC_ARC = YES;
				CLANG_ENABLE_OBJC_WEAK = YES;
				CLANG_WARN_BLOCK_CAPTURE_AUTORELEASING = YES;
				CLANG_WARN_BOOL_CONVERSION = YES;
				CLANG_WARN_COMMA = YES;
				CLANG_WARN_CONSTANT_CONVERSION = YES;
				CLANG_WARN_DEPRECATED_OBJC_IMPLEMENTATIONS = YES;
				CLANG_WARN_DIRECT_OBJC_ISA_USAGE = YES_ERROR;
				CLANG_WARN_DOCUMENTATION_COMMENTS = YES;
				CLANG_WARN_EMPTY_BODY = YES;
				CLANG_WARN_ENUM_CONVERSION = YES;
				CLANG_WARN_INFINITE_RECURSION = YES;
				CLANG_WARN_INT_CONVERSION = YES;
				CLANG_WARN_NON_LITERAL_NULL_CONVERSION = YES;
				CLANG_WARN_OBJC_IMPLICIT_RETAIN_SELF = YES;
				CLANG_WARN_OBJC_LITERAL_CONVERSION = YES;
				CLANG_WARN_OBJC_ROOT_CLASS = YES_ERROR;
				CLANG_WARN_RANGE_LOOP_ANALYSIS = YES;
				CLANG_WARN_STRICT_PROTOTYPES = YES;
				CLANG_WARN_SUSPICIOUS_MOVE = YES;
				CLANG_WARN_UNGUARDED_AVAILABILITY = YES_AGGRESSIVE;
				CLANG_WARN_UNREACHABLE_CODE = YES;
				CLANG_WARN__DUPLICATE_METHOD_MATCH = YES;
				CODE_SIGN_IDENTITY = "iPhone Developer";
				COPY_PHASE_STRIP = NO;
				DEBUG_INFORMATION_FORMAT = "dwarf-with-dsym";
				ENABLE_NS_ASSERTIONS = NO;
				ENABLE_STRICT_OBJC_MSGSEND = YES;
				GCC_C_LANGUAGE_STANDARD = gnu11;
				GCC_NO_COMMON_BLOCKS = YES;
				GCC_WARN_64_TO_32_BIT_CONVERSION = YES;
				GCC_WARN_ABOUT_RETURN_TYPE = YES_ERROR;
				GCC_WARN_UNDECLARED_SELECTOR = YES;
				GCC_WARN_UNINITIALIZED_AUTOS = YES_AGGRESSIVE;
				GCC_WARN_UNUSED_FUNCTION = YES;
				GCC_WARN_UNUSED_VARIABLE = YES;
				IPHONEOS_DEPLOYMENT_TARGET = 12.2;
				MTL_ENABLE_DEBUG_INFO = NO;
				MTL_FAST_MATH = YES;
				SDKROOT = iphoneos;
				SWIFT_COMPILATION_MODE = wholemodule;
				SWIFT_OPTIMIZATION_LEVEL = "-O";
				VALIDATE_PRODUCT = YES;
			};
			name = Release;
		};
		842C7DFF22D7F90F00A75CBD /* Debug */ = {
			isa = XCBuildConfiguration;
			buildSettings = {
				ASSETCATALOG_COMPILER_APPICON_NAME = AppIcon;
				CODE_SIGN_STYLE = Automatic;
				INFOPLIST_FILE = C0751142_MidTerm_MAD3115S2019/Info.plist;
				LD_RUNPATH_SEARCH_PATHS = (
					"$(inherited)",
					"@executable_path/Frameworks",
				);
				PRODUCT_BUNDLE_IDENTIFIER = "com.lambton.C0751142-MidTerm-MAD3115S2019";
				PRODUCT_NAME = "$(TARGET_NAME)";
				SWIFT_VERSION = 5.0;
				TARGETED_DEVICE_FAMILY = "1,2";
			};
			name = Debug;
		};
		842C7E0022D7F90F00A75CBD /* Release */ = {
			isa = XCBuildConfiguration;
			buildSettings = {
				ASSETCATALOG_COMPILER_APPICON_NAME = AppIcon;
				CODE_SIGN_STYLE = Automatic;
				INFOPLIST_FILE = C0751142_MidTerm_MAD3115S2019/Info.plist;
				LD_RUNPATH_SEARCH_PATHS = (
					"$(inherited)",
					"@executable_path/Frameworks",
				);
				PRODUCT_BUNDLE_IDENTIFIER = "com.lambton.C0751142-MidTerm-MAD3115S2019";
				PRODUCT_NAME = "$(TARGET_NAME)";
				SWIFT_VERSION = 5.0;
				TARGETED_DEVICE_FAMILY = "1,2";
			};
			name = Release;
		};
/* End XCBuildConfiguration section */

/* Begin XCConfigurationList section */
		842C7DE722D7F90E00A75CBD /* Build configuration list for PBXProject "C0751142_MidTerm_MAD3115S2019" */ = {
			isa = XCConfigurationList;
			buildConfigurations = (
				842C7DFC22D7F90F00A75CBD /* Debug */,
				842C7DFD22D7F90F00A75CBD /* Release */,
			);
			defaultConfigurationIsVisible = 0;
			defaultConfigurationName = Release;
		};
		842C7DFE22D7F90F00A75CBD /* Build configuration list for PBXNativeTarget "C0751142_MidTerm_MAD3115S2019" */ = {
			isa = XCConfigurationList;
			buildConfigurations = (
				842C7DFF22D7F90F00A75CBD /* Debug */,
				842C7E0022D7F90F00A75CBD /* Release */,
			);
			defaultConfigurationIsVisible = 0;
			defaultConfigurationName = Release;
		};
/* End XCConfigurationList section */
	};
	rootObject = 842C7DE422D7F90E00A75CBD /* Project object */;
}
